
Microsoft Visual Studio Solution File, Format Version 12.00
# Visual Studio Version 16
VisualStudioVersion = 16.0.33027.164
MinimumVisualStudioVersion = 10.0.40219.1
Project("{FAE04EC0-301F-11D3-BF4B-00C04F79EFBC}") = "api-key", "api-key.csproj", "{64D0BCC5-410D-48DE-A918-B0D609AEC8E9}"
EndProject
Global
	GlobalSection(SolutionConfigurationPlatforms) = preSolution
		Debug|Any CPU = Debug|Any CPU
		Release|Any CPU = Release|Any CPU
	EndGlobalSection
	GlobalSection(ProjectConfigurationPlatforms) = postSolution
		{64D0BCC5-410D-48DE-A918-B0D609AEC8E9}.Debug|Any CPU.ActiveCfg = Debug|Any CPU
		{64D0BCC5-410D-48DE-A918-B0D609AEC8E9}.Debug|Any CPU.Build.0 = Debug|Any CPU
		{64D0BCC5-410D-48DE-A918-B0D609AEC8E9}.Release|Any CPU.ActiveCfg = Release|Any CPU
		{64D0BCC5-410D-48DE-A918-B0D609AEC8E9}.Release|Any CPU.Build.0 = Release|Any CPU
	EndGlobalSection
	GlobalSection(SolutionProperties) = preSolution
		HideSolutionNode = FALSE
	EndGlobalSection
	GlobalSection(ExtensibilityGlobals) = postSolution
		SolutionGuid = {619C0BBC-B577-4EBC-B817-131B18EF0818}
	EndGlobalSection
EndGlobal
